<?xml version="1.0" encoding="UTF-8" standalone="yes" ?>
<CodeBlocks_project_file>
	<FileVersion major="1" minor="5" />
	<Project>
		<Option title="TreeTemplate" />
		<Option pch_mode="2" />
		<Option default_target="" />
		<Option compiler="gcc" />
		<Option virtualFolders="" />
		<Build>
			<Target title="Debug">
				<Option output=".\TreeTemplate.exe" prefix_auto="1" extension_auto="1" />
				<Option object_output="obj\Debug\" />
				<Option type="1" />
				<Option compiler="gcc" />
				<Compiler>
					<Add option="-g" />
				</Compiler>
			</Target>
		</Build>
		<Compiler>
			<Add option="-Wall" />
		</Compiler>
		<Unit filename="data.cpp">
			<Option compilerVar="CPP" />
			<Option target="Debug" />
		</Unit>
		<Unit filename="data.h">
			<Option compilerVar="CPP" />
			<Option compile="0" />
			<Option link="0" />
			<Option target="Debug" />
		</Unit>
		<Unit filename="main.cpp">
			<Option compilerVar="CPP" />
			<Option target="Debug" />
		</Unit>
		<Unit filename="node.cpp">
			<Option compilerVar="CPP" />
			<Option target="Debug" />
		</Unit>
		<Unit filename="node.h">
			<Option compilerVar="CPP" />
			<Option compile="0" />
			<Option link="0" />
			<Option target="Debug" />
		</Unit>
		<Unit filename="timer.cpp">
			<Option compilerVar="CPP" />
			<Option target="Debug" />
		</Unit>
		<Unit filename="timer.h">
			<Option compilerVar="CPP" />
			<Option compile="0" />
			<Option link="0" />
			<Option target="Debug" />
		</Unit>
		<Unit filename="treecontainer.cpp">
			<Option compilerVar="CPP" />
			<Option target="Debug" />
		</Unit>
		<Unit filename="treecontainer.h">
			<Option compilerVar="CPP" />
			<Option compile="0" />
			<Option link="0" />
			<Option target="Debug" />
		</Unit>
		<Extensions />
	</Project>
</CodeBlocks_project_file>
